PODS:
  - libextobjc (0.4.1):
    - libextobjc/EXTADT (= 0.4.1)
    - libextobjc/EXTConcreteProtocol (= 0.4.1)
    - libextobjc/EXTKeyPathCoding (= 0.4.1)
    - libextobjc/EXTNil (= 0.4.1)
    - libextobjc/EXTSafeCategory (= 0.4.1)
    - libextobjc/EXTScope (= 0.4.1)
    - libextobjc/EXTSelectorChecking (= 0.4.1)
    - libextobjc/EXTSynthesize (= 0.4.1)
    - libextobjc/NSInvocation+EXT (= 0.4.1)
    - libextobjc/NSMethodSignature+EXT (= 0.4.1)
    - libextobjc/RuntimeExtensions (= 0.4.1)
    - libextobjc/UmbrellaHeader (= 0.4.1)
  - libextobjc/EXTADT (0.4.1):
    - libextobjc/RuntimeExtensions
  - libextobjc/EXTConcreteProtocol (0.4.1):
    - libextobjc/RuntimeExtensions
  - libextobjc/EXTKeyPathCoding (0.4.1):
    - libextobjc/RuntimeExtensions
  - libextobjc/EXTNil (0.4.1):
    - libextobjc/RuntimeExtensions
  - libextobjc/EXTSafeCategory (0.4.1):
    - libextobjc/RuntimeExtensions
  - libextobjc/EXTScope (0.4.1):
    - libextobjc/RuntimeExtensions
  - libextobjc/EXTSelectorChecking (0.4.1):
    - libextobjc/RuntimeExtensions
  - libextobjc/EXTSynthesize (0.4.1):
    - libextobjc/RuntimeExtensions
  - libextobjc/NSInvocation+EXT (0.4.1):
    - libextobjc/RuntimeExtensions
  - libextobjc/NSMethodSignature+EXT (0.4.1):
    - libextobjc/RuntimeExtensions
  - libextobjc/RuntimeExtensions (0.4.1)
  - libextobjc/UmbrellaHeader (0.4.1)
  - MAGComfortTextInput (0.3.0):
    - MAGMatveevReusable (~> 0.2.1)
  - MAGMatveevReusable (0.2.1)

DEPENDENCIES:
  - libextobjc (~> 0.4.1)
  - MAGComfortTextInput (from `../`)
  - MAGMatveevReusable (from `https://github.com/Magora-IOS/MAGMatveevReusable.git`)

EXTERNAL SOURCES:
  MAGComfortTextInput:
    :path: "../"
  MAGMatveevReusable:
    :git: https://github.com/Magora-IOS/MAGMatveevReusable.git

CHECKOUT OPTIONS:
  MAGMatveevReusable:
    :commit: c2e8df5101d168d9944aebaefaaca95119f13495
    :git: https://github.com/Magora-IOS/MAGMatveevReusable.git

SPEC CHECKSUMS:
  libextobjc: a650fc1bf489a3d3a9bc2e621efa3e1006fc5471
  MAGComfortTextInput: d84f2ec8e27442fa5acf7219dd90dd6fd9e87a11
  MAGMatveevReusable: 3173866eb85cee38a02c88592a66e8219046185b

PODFILE CHECKSUM: a1dde56f8a685568cbb61976d802e11c98af7950

COCOAPODS: 1.1.0
