PODS:
  - MAGMatveevReusable (0.2.1)

DEPENDENCIES:
  - MAGMatveevReusable (from `https://github.com/Magora-IOS/MAGMatveevReusable.git`)

EXTERNAL SOURCES:
  MAGMatveevReusable:
    :git: https://github.com/Magora-IOS/MAGMatveevReusable.git

CHECKOUT OPTIONS:
  MAGMatveevReusable:
    :commit: c2e8df5101d168d9944aebaefaaca95119f13495
    :git: https://github.com/Magora-IOS/MAGMatveevReusable.git

SPEC CHECKSUMS:
  MAGMatveevReusable: 3173866eb85cee38a02c88592a66e8219046185b

PODFILE CHECKSUM: 4d9e352631b3d6aafc4d94f94e8de824d1f39f49

COCOAPODS: 1.1.0
